
Microsoft Visual Studio Solution File, Format Version 12.00
# Visual Studio 15
VisualStudioVersion = 15.0.28010.2016
MinimumVisualStudioVersion = 10.0.40219.1
Project("{FAE04EC0-301F-11D3-BF4B-00C04F79EFBC}") = "GraphMinimumWay", "GraphMinimumWay\GraphMinimumWay.csproj", "{96429172-9302-43C6-A677-04E27DAAD2D6}"
EndProject
Global
	GlobalSection(SolutionConfigurationPlatforms) = preSolution
		Debug|Any CPU = Debug|Any CPU
		Release|Any CPU = Release|Any CPU
	EndGlobalSection
	GlobalSection(ProjectConfigurationPlatforms) = postSolution
		{96429172-9302-43C6-A677-04E27DAAD2D6}.Debug|Any CPU.ActiveCfg = Debug|Any CPU
		{96429172-9302-43C6-A677-04E27DAAD2D6}.Debug|Any CPU.Build.0 = Debug|Any CPU
		{96429172-9302-43C6-A677-04E27DAAD2D6}.Release|Any CPU.ActiveCfg = Release|Any CPU
		{96429172-9302-43C6-A677-04E27DAAD2D6}.Release|Any CPU.Build.0 = Release|Any CPU
	EndGlobalSection
	GlobalSection(SolutionProperties) = preSolution
		HideSolutionNode = FALSE
	EndGlobalSection
	GlobalSection(ExtensibilityGlobals) = postSolution
		SolutionGuid = {0F7B820F-A163-4CDB-8395-E36073E3F82D}
	EndGlobalSection
EndGlobal
